{
  "version": "4",
  "specifiers": {
    "npm:@types/node@*": "22.5.4",
    "npm:xml-formatter@*": "3.6.3"
  },
  "npm": {
    "@types/node@22.5.4": {
      "integrity": "sha512-FDuKUJQm/ju9fT/SeX/6+gBzoPzlVCzfzmGkwKvRHQVxi4BntVbyIwf6a4Xn62mrvndLiml6z/UBXIdEVjQLXg==",
      "dependencies": [
        "undici-types"
      ]
    },
    "undici-types@6.19.8": {
      "integrity": "sha512-ve2KP6f/JnbPBFyobGHuerC9g1FYGn/F8n1LWTwNxCEzd6IfqTwUQcNXgEtmmQ6DlRrC1hrSrBnCZPokRrDHjw=="
    },
    "xml-formatter@3.6.3": {
      "integrity": "sha512-++x1TlRO1FRlQ82AZ4WnoCSufaI/PT/sycn4K8nRl4gnrNC1uYY2VV/67aALZ2m0Q4Q/BLj/L69K360Itw9NNg==",
      "dependencies": [
        "xml-parser-xo"
      ]
    },
    "xml-parser-xo@4.1.2": {
      "integrity": "sha512-Z/DRB0ZAKj5vAQg++XsfQQKfT73Vfj5n5lKIVXobBDQEva6NHWUTxOA6OohJmEcpoy8AEqBmSGkXXAnFwt5qAA=="
    }
  },
  "remote": {
    "https://deno.land/std@0.200.0/assert/assert.ts": "9a97dad6d98c238938e7540736b826440ad8c1c1e54430ca4c4e623e585607ee",
    "https://deno.land/std@0.200.0/assert/assertion_error.ts": "4d0bde9b374dfbcbe8ac23f54f567b77024fb67dbb1906a852d67fe050d42f56",
    "https://deno.land/std@0.200.0/flags/mod.ts": "a5ac18af6583404f21ea03771f8816669d901e0ff4374020870334d6f61d73d5"
  },
  "workspace": {
    "dependencies": [
      "jsr:@std/assert@1"
    ]
  }
}
